// !$*UTF8*$!
{
	archiveVersion = 1;
	classes = {
	};
	objectVersion = 46;
	objects = {

/* Begin PBXBuildFile section */
		8B4ED3EB18BF08FC004AE0EE /* Foundation.framework in Frameworks */ = {isa = PBXBuildFile; fileRef = 8B4ED3EA18BF08FC004AE0EE /* Foundation.framework */; };
		8B4ED3ED18BF08FC004AE0EE /* CoreGraphics.framework in Frameworks */ = {isa = PBXBuildFile; fileRef = 8B4ED3EC18BF08FC004AE0EE /* CoreGraphics.framework */; };
		8B4ED3EF18BF08FC004AE0EE /* UIKit.framework in Frameworks */ = {isa = PBXBuildFile; fileRef = 8B4ED3EE18BF08FC004AE0EE /* UIKit.framework */; };
		8B4ED3F118BF08FC004AE0EE /* SpriteKit.framework in Frameworks */ = {isa = PBXBuildFile; fileRef = 8B4ED3F018BF08FC004AE0EE /* SpriteKit.framework */; };
		8B4ED3F718BF08FC004AE0EE /* InfoPlist.strings in Resources */ = {isa = PBXBuildFile; fileRef = 8B4ED3F518BF08FC004AE0EE /* InfoPlist.strings */; };
		8B4ED3F918BF08FC004AE0EE /* main.m in Sources */ = {isa = PBXBuildFile; fileRef = 8B4ED3F818BF08FC004AE0EE /* main.m */; };
		8B4ED3FD18BF08FC004AE0EE /* AppDelegate.m in Sources */ = {isa = PBXBuildFile; fileRef = 8B4ED3FC18BF08FC004AE0EE /* AppDelegate.m */; };
		8B4ED40018BF08FC004AE0EE /* Main.storyboard in Resources */ = {isa = PBXBuildFile; fileRef = 8B4ED3FE18BF08FC004AE0EE /* Main.storyboard */; };
		8B4ED40318BF08FC004AE0EE /* ViewController.m in Sources */ = {isa = PBXBuildFile; fileRef = 8B4ED40218BF08FC004AE0EE /* ViewController.m */; };
		8B4ED40618BF08FC004AE0EE /* MyScene.m in Sources */ = {isa = PBXBuildFile; fileRef = 8B4ED40518BF08FC004AE0EE /* MyScene.m */; };
		8B4ED40818BF08FC004AE0EE /* Spaceship.png in Resources */ = {isa = PBXBuildFile; fileRef = 8B4ED40718BF08FC004AE0EE /* Spaceship.png */; };
		8B4ED40A18BF08FC004AE0EE /* Images.xcassets in Resources */ = {isa = PBXBuildFile; fileRef = 8B4ED40918BF08FC004AE0EE /* Images.xcassets */; };
		8B4ED41118BF08FC004AE0EE /* XCTest.framework in Frameworks */ = {isa = PBXBuildFile; fileRef = 8B4ED41018BF08FC004AE0EE /* XCTest.framework */; };
		8B4ED41218BF08FC004AE0EE /* Foundation.framework in Frameworks */ = {isa = PBXBuildFile; fileRef = 8B4ED3EA18BF08FC004AE0EE /* Foundation.framework */; };
		8B4ED41318BF08FC004AE0EE /* UIKit.framework in Frameworks */ = {isa = PBXBuildFile; fileRef = 8B4ED3EE18BF08FC004AE0EE /* UIKit.framework */; };
		8B4ED41B18BF08FC004AE0EE /* InfoPlist.strings in Resources */ = {isa = PBXBuildFile; fileRef = 8B4ED41918BF08FC004AE0EE /* InfoPlist.strings */; };
		8B4ED41D18BF08FC004AE0EE /* CatNapTutorialTests.m in Sources */ = {isa = PBXBuildFile; fileRef = 8B4ED41C18BF08FC004AE0EE /* CatNapTutorialTests.m */; };
		8B56454F18C43124009D2E12 /* background-desat.png in Resources */ = {isa = PBXBuildFile; fileRef = 8B56453718C43124009D2E12 /* background-desat.png */; };
		8B56455018C43124009D2E12 /* background-desat@2x.png in Resources */ = {isa = PBXBuildFile; fileRef = 8B56453818C43124009D2E12 /* background-desat@2x.png */; };
		8B56455118C43124009D2E12 /* background.png in Resources */ = {isa = PBXBuildFile; fileRef = 8B56453918C43124009D2E12 /* background.png */; };
		8B56455218C43124009D2E12 /* background@2x.png in Resources */ = {isa = PBXBuildFile; fileRef = 8B56453A18C43124009D2E12 /* background@2x.png */; };
		8B56455318C43124009D2E12 /* perlin.c in Sources */ = {isa = PBXBuildFile; fileRef = 8B56453C18C43124009D2E12 /* perlin.c */; };
		8B56455418C43124009D2E12 /* level1.plist in Resources */ = {isa = PBXBuildFile; fileRef = 8B56453F18C43124009D2E12 /* level1.plist */; };
		8B56455518C43124009D2E12 /* level2.plist in Resources */ = {isa = PBXBuildFile; fileRef = 8B56454018C43124009D2E12 /* level2.plist */; };
		8B56455618C43124009D2E12 /* level3.plist in Resources */ = {isa = PBXBuildFile; fileRef = 8B56454118C43124009D2E12 /* level3.plist */; };
		8B56455718C43124009D2E12 /* level4.plist in Resources */ = {isa = PBXBuildFile; fileRef = 8B56454218C43124009D2E12 /* level4.plist */; };
		8B56455818C43124009D2E12 /* level5.plist in Resources */ = {isa = PBXBuildFile; fileRef = 8B56454318C43124009D2E12 /* level5.plist */; };
		8B56455918C43124009D2E12 /* level6.plist in Resources */ = {isa = PBXBuildFile; fileRef = 8B56454418C43124009D2E12 /* level6.plist */; };
		8B56455A18C43124009D2E12 /* level7.plist in Resources */ = {isa = PBXBuildFile; fileRef = 8B56454518C43124009D2E12 /* level7.plist */; };
		8B56455B18C43124009D2E12 /* bgMusic.mp3 in Resources */ = {isa = PBXBuildFile; fileRef = 8B56454718C43124009D2E12 /* bgMusic.mp3 */; };
		8B56455C18C43124009D2E12 /* lose.mp3 in Resources */ = {isa = PBXBuildFile; fileRef = 8B56454818C43124009D2E12 /* lose.mp3 */; };
		8B56455D18C43124009D2E12 /* pop.mp3 in Resources */ = {isa = PBXBuildFile; fileRef = 8B56454918C43124009D2E12 /* pop.mp3 */; };
		8B56455E18C43124009D2E12 /* win.mp3 in Resources */ = {isa = PBXBuildFile; fileRef = 8B56454A18C43124009D2E12 /* win.mp3 */; };
		8B56455F18C43124009D2E12 /* sprites.atlas in Resources */ = {isa = PBXBuildFile; fileRef = 8B56454B18C43124009D2E12 /* sprites.atlas */; };
		8B56456018C43124009D2E12 /* BookTrailer.m4v in Resources */ = {isa = PBXBuildFile; fileRef = 8B56454D18C43124009D2E12 /* BookTrailer.m4v */; };
		8B56456118C43124009D2E12 /* loop.mov in Resources */ = {isa = PBXBuildFile; fileRef = 8B56454E18C43124009D2E12 /* loop.mov */; };
		8B56456418C438B7009D2E12 /* SKSpriteNode+DebugDraw.m in Sources */ = {isa = PBXBuildFile; fileRef = 8B56456318C438B7009D2E12 /* SKSpriteNode+DebugDraw.m */; };
		8B56457018C45466009D2E12 /* SKAction+SKTExtras.m in Sources */ = {isa = PBXBuildFile; fileRef = 8B56456718C45466009D2E12 /* SKAction+SKTExtras.m */; };
		8B56457118C45466009D2E12 /* SKEmitterNode+SKTExtras.m in Sources */ = {isa = PBXBuildFile; fileRef = 8B56456918C45466009D2E12 /* SKEmitterNode+SKTExtras.m */; };
		8B56457218C45466009D2E12 /* SKNode+SKTExtras.m in Sources */ = {isa = PBXBuildFile; fileRef = 8B56456B18C45466009D2E12 /* SKNode+SKTExtras.m */; };
		8B56457318C45466009D2E12 /* SKTAudio.m in Sources */ = {isa = PBXBuildFile; fileRef = 8B56456D18C45466009D2E12 /* SKTAudio.m */; };
		8B56457418C45466009D2E12 /* SKTUtils.mm in Sources */ = {isa = PBXBuildFile; fileRef = 8B56456F18C45466009D2E12 /* SKTUtils.mm */; };
/* End PBXBuildFile section */

/* Begin PBXContainerItemProxy section */
		8B4ED41418BF08FC004AE0EE /* PBXContainerItemProxy */ = {
			isa = PBXContainerItemProxy;
			containerPortal = 8B4ED3DF18BF08FC004AE0EE /* Project object */;
			proxyType = 1;
			remoteGlobalIDString = 8B4ED3E618BF08FC004AE0EE;
			remoteInfo = CatNapTutorial;
		};
/* End PBXContainerItemProxy section */

/* Begin PBXFileReference section */
		8B4ED3E718BF08FC004AE0EE /* CatNapTutorial.app */ = {isa = PBXFileReference; explicitFileType = wrapper.application; includeInIndex = 0; path = CatNapTutorial.app; sourceTree = BUILT_PRODUCTS_DIR; };
		8B4ED3EA18BF08FC004AE0EE /* Foundation.framework */ = {isa = PBXFileReference; lastKnownFileType = wrapper.framework; name = Foundation.framework; path = System/Library/Frameworks/Foundation.framework; sourceTree = SDKROOT; };
		8B4ED3EC18BF08FC004AE0EE /* CoreGraphics.framework */ = {isa = PBXFileReference; lastKnownFileType = wrapper.framework; name = CoreGraphics.framework; path = System/Library/Frameworks/CoreGraphics.framework; sourceTree = SDKROOT; };
		8B4ED3EE18BF08FC004AE0EE /* UIKit.framework */ = {isa = PBXFileReference; lastKnownFileType = wrapper.framework; name = UIKit.framework; path = System/Library/Frameworks/UIKit.framework; sourceTree = SDKROOT; };
		8B4ED3F018BF08FC004AE0EE /* SpriteKit.framework */ = {isa = PBXFileReference; lastKnownFileType = wrapper.framework; name = SpriteKit.framework; path = System/Library/Frameworks/SpriteKit.framework; sourceTree = SDKROOT; };
		8B4ED3F418BF08FC004AE0EE /* CatNapTutorial-Info.plist */ = {isa = PBXFileReference; lastKnownFileType = text.plist.xml; path = "CatNapTutorial-Info.plist"; sourceTree = "<group>"; };
		8B4ED3F618BF08FC004AE0EE /* en */ = {isa = PBXFileReference; lastKnownFileType = text.plist.strings; name = en; path = en.lproj/InfoPlist.strings; sourceTree = "<group>"; };
		8B4ED3F818BF08FC004AE0EE /* main.m */ = {isa = PBXFileReference; lastKnownFileType = sourcecode.c.objc; path = main.m; sourceTree = "<group>"; };
		8B4ED3FA18BF08FC004AE0EE /* CatNapTutorial-Prefix.pch */ = {isa = PBXFileReference; lastKnownFileType = sourcecode.c.h; path = "CatNapTutorial-Prefix.pch"; sourceTree = "<group>"; };
		8B4ED3FB18BF08FC004AE0EE /* AppDelegate.h */ = {isa = PBXFileReference; lastKnownFileType = sourcecode.c.h; path = AppDelegate.h; sourceTree = "<group>"; };
		8B4ED3FC18BF08FC004AE0EE /* AppDelegate.m */ = {isa = PBXFileReference; lastKnownFileType = sourcecode.c.objc; path = AppDelegate.m; sourceTree = "<group>"; };
		8B4ED3FF18BF08FC004AE0EE /* Base */ = {isa = PBXFileReference; lastKnownFileType = file.storyboard; name = Base; path = Base.lproj/Main.storyboard; sourceTree = "<group>"; };
		8B4ED40118BF08FC004AE0EE /* ViewController.h */ = {isa = PBXFileReference; lastKnownFileType = sourcecode.c.h; path = ViewController.h; sourceTree = "<group>"; };
		8B4ED40218BF08FC004AE0EE /* ViewController.m */ = {isa = PBXFileReference; lastKnownFileType = sourcecode.c.objc; path = ViewController.m; sourceTree = "<group>"; };
		8B4ED40418BF08FC004AE0EE /* MyScene.h */ = {isa = PBXFileReference; lastKnownFileType = sourcecode.c.h; path = MyScene.h; sourceTree = "<group>"; };
		8B4ED40518BF08FC004AE0EE /* MyScene.m */ = {isa = PBXFileReference; lastKnownFileType = sourcecode.c.objc; path = MyScene.m; sourceTree = "<group>"; };
		8B4ED40718BF08FC004AE0EE /* Spaceship.png */ = {isa = PBXFileReference; lastKnownFileType = image.png; path = Spaceship.png; sourceTree = "<group>"; };
		8B4ED40918BF08FC004AE0EE /* Images.xcassets */ = {isa = PBXFileReference; lastKnownFileType = folder.assetcatalog; path = Images.xcassets; sourceTree = "<group>"; };
		8B4ED40F18BF08FC004AE0EE /* CatNapTutorialTests.xctest */ = {isa = PBXFileReference; explicitFileType = wrapper.cfbundle; includeInIndex = 0; path = CatNapTutorialTests.xctest; sourceTree = BUILT_PRODUCTS_DIR; };
		8B4ED41018BF08FC004AE0EE /* XCTest.framework */ = {isa = PBXFileReference; lastKnownFileType = wrapper.framework; name = XCTest.framework; path = Library/Frameworks/XCTest.framework; sourceTree = DEVELOPER_DIR; };
		8B4ED41818BF08FC004AE0EE /* CatNapTutorialTests-Info.plist */ = {isa = PBXFileReference; lastKnownFileType = text.plist.xml; path = "CatNapTutorialTests-Info.plist"; sourceTree = "<group>"; };
		8B4ED41A18BF08FC004AE0EE /* en */ = {isa = PBXFileReference; lastKnownFileType = text.plist.strings; name = en; path = en.lproj/InfoPlist.strings; sourceTree = "<group>"; };
		8B4ED41C18BF08FC004AE0EE /* CatNapTutorialTests.m */ = {isa = PBXFileReference; lastKnownFileType = sourcecode.c.objc; path = CatNapTutorialTests.m; sourceTree = "<group>"; };
		8B56453718C43124009D2E12 /* background-desat.png */ = {isa = PBXFileReference; lastKnownFileType = image.png; path = "background-desat.png"; sourceTree = "<group>"; };
		8B56453818C43124009D2E12 /* background-desat@2x.png */ = {isa = PBXFileReference; lastKnownFileType = image.png; path = "background-desat@2x.png"; sourceTree = "<group>"; };
		8B56453918C43124009D2E12 /* background.png */ = {isa = PBXFileReference; lastKnownFileType = image.png; path = background.png; sourceTree = "<group>"; };
		8B56453A18C43124009D2E12 /* background@2x.png */ = {isa = PBXFileReference; lastKnownFileType = image.png; path = "background@2x.png"; sourceTree = "<group>"; };
		8B56453C18C43124009D2E12 /* perlin.c */ = {isa = PBXFileReference; fileEncoding = 4; lastKnownFileType = sourcecode.c.c; path = perlin.c; sourceTree = "<group>"; };
		8B56453D18C43124009D2E12 /* perlin.h */ = {isa = PBXFileReference; fileEncoding = 4; lastKnownFileType = sourcecode.c.h; path = perlin.h; sourceTree = "<group>"; };
		8B56453F18C43124009D2E12 /* level1.plist */ = {isa = PBXFileReference; fileEncoding = 4; lastKnownFileType = text.plist.xml; path = level1.plist; sourceTree = "<group>"; };
		8B56454018C43124009D2E12 /* level2.plist */ = {isa = PBXFileReference; fileEncoding = 4; lastKnownFileType = text.plist.xml; path = level2.plist; sourceTree = "<group>"; };
		8B56454118C43124009D2E12 /* level3.plist */ = {isa = PBXFileReference; fileEncoding = 4; lastKnownFileType = text.plist.xml; path = level3.plist; sourceTree = "<group>"; };
		8B56454218C43124009D2E12 /* level4.plist */ = {isa = PBXFileReference; fileEncoding = 4; lastKnownFileType = text.plist.xml; path = level4.plist; sourceTree = "<group>"; };
		8B56454318C43124009D2E12 /* level5.plist */ = {isa = PBXFileReference; fileEncoding = 4; lastKnownFileType = text.plist.xml; path = level5.plist; sourceTree = "<group>"; };
		8B56454418C43124009D2E12 /* level6.plist */ = {isa = PBXFileReference; fileEncoding = 4; lastKnownFileType = text.plist.xml; path = level6.plist; sourceTree = "<group>"; };
		8B56454518C43124009D2E12 /* level7.plist */ = {isa = PBXFileReference; fileEncoding = 4; lastKnownFileType = text.plist.xml; path = level7.plist; sourceTree = "<group>"; };
		8B56454718C43124009D2E12 /* bgMusic.mp3 */ = {isa = PBXFileReference; lastKnownFileType = audio.mp3; path = bgMusic.mp3; sourceTree = "<group>"; };
		8B56454818C43124009D2E12 /* lose.mp3 */ = {isa = PBXFileReference; lastKnownFileType = audio.mp3; path = lose.mp3; sourceTree = "<group>"; };
		8B56454918C43124009D2E12 /* pop.mp3 */ = {isa = PBXFileReference; lastKnownFileType = audio.mp3; path = pop.mp3; sourceTree = "<group>"; };
		8B56454A18C43124009D2E12 /* win.mp3 */ = {isa = PBXFileReference; lastKnownFileType = audio.mp3; path = win.mp3; sourceTree = "<group>"; };
		8B56454B18C43124009D2E12 /* sprites.atlas */ = {isa = PBXFileReference; lastKnownFileType = folder.skatlas; path = sprites.atlas; sourceTree = "<group>"; };
		8B56454D18C43124009D2E12 /* BookTrailer.m4v */ = {isa = PBXFileReference; lastKnownFileType = file; path = BookTrailer.m4v; sourceTree = "<group>"; };
		8B56454E18C43124009D2E12 /* loop.mov */ = {isa = PBXFileReference; lastKnownFileType = video.quicktime; path = loop.mov; sourceTree = "<group>"; };
		8B56456218C438B7009D2E12 /* SKSpriteNode+DebugDraw.h */ = {isa = PBXFileReference; fileEncoding = 4; lastKnownFileType = sourcecode.c.h; name = "SKSpriteNode+DebugDraw.h"; path = "../SKSpriteNode+DebugDraw.h"; sourceTree = "<group>"; };
		8B56456318C438B7009D2E12 /* SKSpriteNode+DebugDraw.m */ = {isa = PBXFileReference; fileEncoding = 4; lastKnownFileType = sourcecode.c.objc; name = "SKSpriteNode+DebugDraw.m"; path = "../SKSpriteNode+DebugDraw.m"; sourceTree = "<group>"; };
		8B56456618C45466009D2E12 /* SKAction+SKTExtras.h */ = {isa = PBXFileReference; fileEncoding = 4; lastKnownFileType = sourcecode.c.h; path = "SKAction+SKTExtras.h"; sourceTree = "<group>"; };
		8B56456718C45466009D2E12 /* SKAction+SKTExtras.m */ = {isa = PBXFileReference; fileEncoding = 4; lastKnownFileType = sourcecode.c.objc; path = "SKAction+SKTExtras.m"; sourceTree = "<group>"; };
		8B56456818C45466009D2E12 /* SKEmitterNode+SKTExtras.h */ = {isa = PBXFileReference; fileEncoding = 4; lastKnownFileType = sourcecode.c.h; path = "SKEmitterNode+SKTExtras.h"; sourceTree = "<group>"; };
		8B56456918C45466009D2E12 /* SKEmitterNode+SKTExtras.m */ = {isa = PBXFileReference; fileEncoding = 4; lastKnownFileType = sourcecode.c.objc; path = "SKEmitterNode+SKTExtras.m"; sourceTree = "<group>"; };
		8B56456A18C45466009D2E12 /* SKNode+SKTExtras.h */ = {isa = PBXFileReference; fileEncoding = 4; lastKnownFileType = sourcecode.c.h; path = "SKNode+SKTExtras.h"; sourceTree = "<group>"; };
		8B56456B18C45466009D2E12 /* SKNode+SKTExtras.m */ = {isa = PBXFileReference; fileEncoding = 4; lastKnownFileType = sourcecode.c.objc; path = "SKNode+SKTExtras.m"; sourceTree = "<group>"; };
		8B56456C18C45466009D2E12 /* SKTAudio.h */ = {isa = PBXFileReference; fileEncoding = 4; lastKnownFileType = sourcecode.c.h; path = SKTAudio.h; sourceTree = "<group>"; };
		8B56456D18C45466009D2E12 /* SKTAudio.m */ = {isa = PBXFileReference; fileEncoding = 4; lastKnownFileType = sourcecode.c.objc; path = SKTAudio.m; sourceTree = "<group>"; };
		8B56456E18C45466009D2E12 /* SKTUtils.h */ = {isa = PBXFileReference; fileEncoding = 4; lastKnownFileType = sourcecode.c.h; path = SKTUtils.h; sourceTree = "<group>"; };
		8B56456F18C45466009D2E12 /* SKTUtils.mm */ = {isa = PBXFileReference; fileEncoding = 4; lastKnownFileType = sourcecode.cpp.objcpp; path = SKTUtils.mm; sourceTree = "<group>"; };
/* End PBXFileReference section */

/* Begin PBXFrameworksBuildPhase section */
		8B4ED3E418BF08FC004AE0EE /* Frameworks */ = {
			isa = PBXFrameworksBuildPhase;
			buildActionMask = 2147483647;
			files = (
				8B4ED3ED18BF08FC004AE0EE /* CoreGraphics.framework in Frameworks */,
				8B4ED3EF18BF08FC004AE0EE /* UIKit.framework in Frameworks */,
				8B4ED3F118BF08FC004AE0EE /* SpriteKit.framework in Frameworks */,
				8B4ED3EB18BF08FC004AE0EE /* Foundation.framework in Frameworks */,
			);
			runOnlyForDeploymentPostprocessing = 0;
		};
		8B4ED40C18BF08FC004AE0EE /* Frameworks */ = {
			isa = PBXFrameworksBuildPhase;
			buildActionMask = 2147483647;
			files = (
				8B4ED41118BF08FC004AE0EE /* XCTest.framework in Frameworks */,
				8B4ED41318BF08FC004AE0EE /* UIKit.framework in Frameworks */,
				8B4ED41218BF08FC004AE0EE /* Foundation.framework in Frameworks */,
			);
			runOnlyForDeploymentPostprocessing = 0;
		};
/* End PBXFrameworksBuildPhase section */

/* Begin PBXGroup section */
		8B4ED3DE18BF08FC004AE0EE = {
			isa = PBXGroup;
			children = (
				8B4ED3F218BF08FC004AE0EE /* CatNapTutorial */,
				8B4ED41618BF08FC004AE0EE /* CatNapTutorialTests */,
				8B4ED3E918BF08FC004AE0EE /* Frameworks */,
				8B4ED3E818BF08FC004AE0EE /* Products */,
			);
			sourceTree = "<group>";
		};
		8B4ED3E818BF08FC004AE0EE /* Products */ = {
			isa = PBXGroup;
			children = (
				8B4ED3E718BF08FC004AE0EE /* CatNapTutorial.app */,
				8B4ED40F18BF08FC004AE0EE /* CatNapTutorialTests.xctest */,
			);
			name = Products;
			sourceTree = "<group>";
		};
		8B4ED3E918BF08FC004AE0EE /* Frameworks */ = {
			isa = PBXGroup;
			children = (
				8B4ED3EA18BF08FC004AE0EE /* Foundation.framework */,
				8B4ED3EC18BF08FC004AE0EE /* CoreGraphics.framework */,
				8B4ED3EE18BF08FC004AE0EE /* UIKit.framework */,
				8B4ED3F018BF08FC004AE0EE /* SpriteKit.framework */,
				8B4ED41018BF08FC004AE0EE /* XCTest.framework */,
			);
			name = Frameworks;
			sourceTree = "<group>";
		};
		8B4ED3F218BF08FC004AE0EE /* CatNapTutorial */ = {
			isa = PBXGroup;
			children = (
				8B56456518C45466009D2E12 /* SKTUtils */,
				8B4ED3FB18BF08FC004AE0EE /* AppDelegate.h */,
				8B4ED3FC18BF08FC004AE0EE /* AppDelegate.m */,
				8B4ED3FE18BF08FC004AE0EE /* Main.storyboard */,
				8B4ED40118BF08FC004AE0EE /* ViewController.h */,
				8B4ED40218BF08FC004AE0EE /* ViewController.m */,
				8B4ED40418BF08FC004AE0EE /* MyScene.h */,
				8B4ED40518BF08FC004AE0EE /* MyScene.m */,
				8B4ED40718BF08FC004AE0EE /* Spaceship.png */,
				8B56456218C438B7009D2E12 /* SKSpriteNode+DebugDraw.h */,
				8B56456318C438B7009D2E12 /* SKSpriteNode+DebugDraw.m */,
				8B4ED40918BF08FC004AE0EE /* Images.xcassets */,
				8B56453518C43124009D2E12 /* Art */,
				8B4ED3F318BF08FC004AE0EE /* Supporting Files */,
			);
			path = CatNapTutorial;
			sourceTree = "<group>";
		};
		8B4ED3F318BF08FC004AE0EE /* Supporting Files */ = {
			isa = PBXGroup;
			children = (
				8B4ED3F418BF08FC004AE0EE /* CatNapTutorial-Info.plist */,
				8B4ED3F518BF08FC004AE0EE /* InfoPlist.strings */,
				8B4ED3F818BF08FC004AE0EE /* main.m */,
				8B4ED3FA18BF08FC004AE0EE /* CatNapTutorial-Prefix.pch */,
			);
			name = "Supporting Files";
			sourceTree = "<group>";
		};
		8B4ED41618BF08FC004AE0EE /* CatNapTutorialTests */ = {
			isa = PBXGroup;
			children = (
				8B4ED41C18BF08FC004AE0EE /* CatNapTutorialTests.m */,
				8B4ED41718BF08FC004AE0EE /* Supporting Files */,
			);
			path = CatNapTutorialTests;
			sourceTree = "<group>";
		};
		8B4ED41718BF08FC004AE0EE /* Supporting Files */ = {
			isa = PBXGroup;
			children = (
				8B4ED41818BF08FC004AE0EE /* CatNapTutorialTests-Info.plist */,
				8B4ED41918BF08FC004AE0EE /* InfoPlist.strings */,
			);
			name = "Supporting Files";
			sourceTree = "<group>";
		};
		8B56453518C43124009D2E12 /* Art */ = {
			isa = PBXGroup;
			children = (
				8B56453618C43124009D2E12 /* Backgrounds */,
				8B56453B18C43124009D2E12 /* Code */,
				8B56453E18C43124009D2E12 /* Levels */,
				8B56454618C43124009D2E12 /* Sounds */,
				8B56454B18C43124009D2E12 /* sprites.atlas */,
				8B56454C18C43124009D2E12 /* Videos */,
			);
			path = Art;
			sourceTree = "<group>";
		};
		8B56453618C43124009D2E12 /* Backgrounds */ = {
			isa = PBXGroup;
			children = (
				8B56453718C43124009D2E12 /* background-desat.png */,
				8B56453818C43124009D2E12 /* background-desat@2x.png */,
				8B56453918C43124009D2E12 /* background.png */,
				8B56453A18C43124009D2E12 /* background@2x.png */,
			);
			path = Backgrounds;
			sourceTree = "<group>";
		};
		8B56453B18C43124009D2E12 /* Code */ = {
			isa = PBXGroup;
			children = (
				8B56453C18C43124009D2E12 /* perlin.c */,
				8B56453D18C43124009D2E12 /* perlin.h */,
			);
			path = Code;
			sourceTree = "<group>";
		};
		8B56453E18C43124009D2E12 /* Levels */ = {
			isa = PBXGroup;
			children = (
				8B56453F18C43124009D2E12 /* level1.plist */,
				8B56454018C43124009D2E12 /* level2.plist */,
				8B56454118C43124009D2E12 /* level3.plist */,
				8B56454218C43124009D2E12 /* level4.plist */,
				8B56454318C43124009D2E12 /* level5.plist */,
				8B56454418C43124009D2E12 /* level6.plist */,
				8B56454518C43124009D2E12 /* level7.plist */,
			);
			path = Levels;
			sourceTree = "<group>";
		};
		8B56454618C43124009D2E12 /* Sounds */ = {
			isa = PBXGroup;
			children = (
				8B56454718C43124009D2E12 /* bgMusic.mp3 */,
				8B56454818C43124009D2E12 /* lose.mp3 */,
				8B56454918C43124009D2E12 /* pop.mp3 */,
				8B56454A18C43124009D2E12 /* win.mp3 */,
			);
			path = Sounds;
			sourceTree = "<group>";
		};
		8B56454C18C43124009D2E12 /* Videos */ = {
			isa = PBXGroup;
			children = (
				8B56454D18C43124009D2E12 /* BookTrailer.m4v */,
				8B56454E18C43124009D2E12 /* loop.mov */,
			);
			path = Videos;
			sourceTree = "<group>";
		};
		8B56456518C45466009D2E12 /* SKTUtils */ = {
			isa = PBXGroup;
			children = (
				8B56456618C45466009D2E12 /* SKAction+SKTExtras.h */,
				8B56456718C45466009D2E12 /* SKAction+SKTExtras.m */,
				8B56456818C45466009D2E12 /* SKEmitterNode+SKTExtras.h */,
				8B56456918C45466009D2E12 /* SKEmitterNode+SKTExtras.m */,
				8B56456A18C45466009D2E12 /* SKNode+SKTExtras.h */,
				8B56456B18C45466009D2E12 /* SKNode+SKTExtras.m */,
				8B56456C18C45466009D2E12 /* SKTAudio.h */,
				8B56456D18C45466009D2E12 /* SKTAudio.m */,
				8B56456E18C45466009D2E12 /* SKTUtils.h */,
				8B56456F18C45466009D2E12 /* SKTUtils.mm */,
			);
			path = SKTUtils;
			sourceTree = "<group>";
		};
/* End PBXGroup section */

/* Begin PBXNativeTarget section */
		8B4ED3E618BF08FC004AE0EE /* CatNapTutorial */ = {
			isa = PBXNativeTarget;
			buildConfigurationList = 8B4ED42018BF08FC004AE0EE /* Build configuration list for PBXNativeTarget "CatNapTutorial" */;
			buildPhases = (
				8B4ED3E318BF08FC004AE0EE /* Sources */,
				8B4ED3E418BF08FC004AE0EE /* Frameworks */,
				8B4ED3E518BF08FC004AE0EE /* Resources */,
			);
			buildRules = (
			);
			dependencies = (
			);
			name = CatNapTutorial;
			productName = CatNapTutorial;
			productReference = 8B4ED3E718BF08FC004AE0EE /* CatNapTutorial.app */;
			productType = "com.apple.product-type.application";
		};
		8B4ED40E18BF08FC004AE0EE /* CatNapTutorialTests */ = {
			isa = PBXNativeTarget;
			buildConfigurationList = 8B4ED42318BF08FC004AE0EE /* Build configuration list for PBXNativeTarget "CatNapTutorialTests" */;
			buildPhases = (
				8B4ED40B18BF08FC004AE0EE /* Sources */,
				8B4ED40C18BF08FC004AE0EE /* Frameworks */,
				8B4ED40D18BF08FC004AE0EE /* Resources */,
			);
			buildRules = (
			);
			dependencies = (
				8B4ED41518BF08FC004AE0EE /* PBXTargetDependency */,
			);
			name = CatNapTutorialTests;
			productName = CatNapTutorialTests;
			productReference = 8B4ED40F18BF08FC004AE0EE /* CatNapTutorialTests.xctest */;
			productType = "com.apple.product-type.bundle.unit-test";
		};
/* End PBXNativeTarget section */

/* Begin PBXProject section */
		8B4ED3DF18BF08FC004AE0EE /* Project object */ = {
			isa = PBXProject;
			attributes = {
				LastUpgradeCheck = 0510;
				ORGANIZATIONNAME = "Bryan Ma";
				TargetAttributes = {
					8B4ED40E18BF08FC004AE0EE = {
						TestTargetID = 8B4ED3E618BF08FC004AE0EE;
					};
				};
			};
			buildConfigurationList = 8B4ED3E218BF08FC004AE0EE /* Build configuration list for PBXProject "CatNapTutorial" */;
			compatibilityVersion = "Xcode 3.2";
			developmentRegion = English;
			hasScannedForEncodings = 0;
			knownRegions = (
				en,
				Base,
			);
			mainGroup = 8B4ED3DE18BF08FC004AE0EE;
			productRefGroup = 8B4ED3E818BF08FC004AE0EE /* Products */;
			projectDirPath = "";
			projectRoot = "";
			targets = (
				8B4ED3E618BF08FC004AE0EE /* CatNapTutorial */,
				8B4ED40E18BF08FC004AE0EE /* CatNapTutorialTests */,
			);
		};
/* End PBXProject section */

/* Begin PBXResourcesBuildPhase section */
		8B4ED3E518BF08FC004AE0EE /* Resources */ = {
			isa = PBXResourcesBuildPhase;
			buildActionMask = 2147483647;
			files = (
				8B4ED3F718BF08FC004AE0EE /* InfoPlist.strings in Resources */,
				8B56454F18C43124009D2E12 /* background-desat.png in Resources */,
				8B56456018C43124009D2E12 /* BookTrailer.m4v in Resources */,
				8B56455518C43124009D2E12 /* level2.plist in Resources */,
				8B56455B18C43124009D2E12 /* bgMusic.mp3 in Resources */,
				8B56455118C43124009D2E12 /* background.png in Resources */,
				8B56455418C43124009D2E12 /* level1.plist in Resources */,
				8B56455018C43124009D2E12 /* background-desat@2x.png in Resources */,
				8B56455718C43124009D2E12 /* level4.plist in Resources */,
				8B56455618C43124009D2E12 /* level3.plist in Resources */,
				8B56455918C43124009D2E12 /* level6.plist in Resources */,
				8B56455F18C43124009D2E12 /* sprites.atlas in Resources */,
				8B4ED40A18BF08FC004AE0EE /* Images.xcassets in Resources */,
				8B4ED40818BF08FC004AE0EE /* Spaceship.png in Resources */,
				8B56455D18C43124009D2E12 /* pop.mp3 in Resources */,
				8B56455E18C43124009D2E12 /* win.mp3 in Resources */,
				8B56455218C43124009D2E12 /* background@2x.png in Resources */,
				8B56455A18C43124009D2E12 /* level7.plist in Resources */,
				8B56456118C43124009D2E12 /* loop.mov in Resources */,
				8B56455818C43124009D2E12 /* level5.plist in Resources */,
				8B4ED40018BF08FC004AE0EE /* Main.storyboard in Resources */,
				8B56455C18C43124009D2E12 /* lose.mp3 in Resources */,
			);
			runOnlyForDeploymentPostprocessing = 0;
		};
		8B4ED40D18BF08FC004AE0EE /* Resources */ = {
			isa = PBXResourcesBuildPhase;
			buildActionMask = 2147483647;
			files = (
				8B4ED41B18BF08FC004AE0EE /* InfoPlist.strings in Resources */,
			);
			runOnlyForDeploymentPostprocessing = 0;
		};
/* End PBXResourcesBuildPhase section */

/* Begin PBXSourcesBuildPhase section */
		8B4ED3E318BF08FC004AE0EE /* Sources */ = {
			isa = PBXSourcesBuildPhase;
			buildActionMask = 2147483647;
			files = (
				8B56455318C43124009D2E12 /* perlin.c in Sources */,
				8B56457218C45466009D2E12 /* SKNode+SKTExtras.m in Sources */,
				8B4ED40618BF08FC004AE0EE /* MyScene.m in Sources */,
				8B56456418C438B7009D2E12 /* SKSpriteNode+DebugDraw.m in Sources */,
				8B56457418C45466009D2E12 /* SKTUtils.mm in Sources */,
				8B56457018C45466009D2E12 /* SKAction+SKTExtras.m in Sources */,
				8B4ED40318BF08FC004AE0EE /* ViewController.m in Sources */,
				8B4ED3FD18BF08FC004AE0EE /* AppDelegate.m in Sources */,
				8B56457118C45466009D2E12 /* SKEmitterNode+SKTExtras.m in Sources */,
				8B4ED3F918BF08FC004AE0EE /* main.m in Sources */,
				8B56457318C45466009D2E12 /* SKTAudio.m in Sources */,
			);
			runOnlyForDeploymentPostprocessing = 0;
		};
		8B4ED40B18BF08FC004AE0EE /* Sources */ = {
			isa = PBXSourcesBuildPhase;
			buildActionMask = 2147483647;
			files = (
				8B4ED41D18BF08FC004AE0EE /* CatNapTutorialTests.m in Sources */,
			);
			runOnlyForDeploymentPostprocessing = 0;
		};
/* End PBXSourcesBuildPhase section */

/* Begin PBXTargetDependency section */
		8B4ED41518BF08FC004AE0EE /* PBXTargetDependency */ = {
			isa = PBXTargetDependency;
			target = 8B4ED3E618BF08FC004AE0EE /* CatNapTutorial */;
			targetProxy = 8B4ED41418BF08FC004AE0EE /* PBXContainerItemProxy */;
		};
/* End PBXTargetDependency section */

/* Begin PBXVariantGroup section */
		8B4ED3F518BF08FC004AE0EE /* InfoPlist.strings */ = {
			isa = PBXVariantGroup;
			children = (
				8B4ED3F618BF08FC004AE0EE /* en */,
			);
			name = InfoPlist.strings;
			sourceTree = "<group>";
		};
		8B4ED3FE18BF08FC004AE0EE /* Main.storyboard */ = {
			isa = PBXVariantGroup;
			children = (
				8B4ED3FF18BF08FC004AE0EE /* Base */,
			);
			name = Main.storyboard;
			sourceTree = "<group>";
		};
		8B4ED41918BF08FC004AE0EE /* InfoPlist.strings */ = {
			isa = PBXVariantGroup;
			children = (
				8B4ED41A18BF08FC004AE0EE /* en */,
			);
			name = InfoPlist.strings;
			sourceTree = "<group>";
		};
/* End PBXVariantGroup section */

/* Begin XCBuildConfiguration section */
		8B4ED41E18BF08FC004AE0EE /* Debug */ = {
			isa = XCBuildConfiguration;
			buildSettings = {
				ALWAYS_SEARCH_USER_PATHS = NO;
				CLANG_CXX_LANGUAGE_STANDARD = "gnu++0x";
				CLANG_CXX_LIBRARY = "libc++";
				CLANG_ENABLE_MODULES = YES;
				CLANG_ENABLE_OBJC_ARC = YES;
				CLANG_WARN_BOOL_CONVERSION = YES;
				CLANG_WARN_CONSTANT_CONVERSION = YES;
				CLANG_WARN_DIRECT_OBJC_ISA_USAGE = YES_ERROR;
				CLANG_WARN_EMPTY_BODY = YES;
				CLANG_WARN_ENUM_CONVERSION = YES;
				CLANG_WARN_INT_CONVERSION = YES;
				CLANG_WARN_OBJC_ROOT_CLASS = YES_ERROR;
				CLANG_WARN__DUPLICATE_METHOD_MATCH = YES;
				"CODE_SIGN_IDENTITY[sdk=iphoneos*]" = "iPhone Developer";
				COPY_PHASE_STRIP = NO;
				GCC_C_LANGUAGE_STANDARD = gnu99;
				GCC_DYNAMIC_NO_PIC = NO;
				GCC_OPTIMIZATION_LEVEL = 0;
				GCC_PREPROCESSOR_DEFINITIONS = (
					"DEBUG=1",
					"$(inherited)",
				);
				GCC_SYMBOLS_PRIVATE_EXTERN = NO;
				GCC_WARN_64_TO_32_BIT_CONVERSION = YES;
				GCC_WARN_ABOUT_RETURN_TYPE = YES_ERROR;
				GCC_WARN_UNDECLARED_SELECTOR = YES;
				GCC_WARN_UNINITIALIZED_AUTOS = YES;
				GCC_WARN_UNUSED_FUNCTION = YES;
				GCC_WARN_UNUSED_VARIABLE = YES;
				IPHONEOS_DEPLOYMENT_TARGET = 7.0;
				ONLY_ACTIVE_ARCH = YES;
				SDKROOT = iphoneos;
			};
			name = Debug;
		};
		8B4ED41F18BF08FC004AE0EE /* Release */ = {
			isa = XCBuildConfiguration;
			buildSettings = {
				ALWAYS_SEARCH_USER_PATHS = NO;
				CLANG_CXX_LANGUAGE_STANDARD = "gnu++0x";
				CLANG_CXX_LIBRARY = "libc++";
				CLANG_ENABLE_MODULES = YES;
				CLANG_ENABLE_OBJC_ARC = YES;
				CLANG_WARN_BOOL_CONVERSION = YES;
				CLANG_WARN_CONSTANT_CONVERSION = YES;
				CLANG_WARN_DIRECT_OBJC_ISA_USAGE = YES_ERROR;
				CLANG_WARN_EMPTY_BODY = YES;
				CLANG_WARN_ENUM_CONVERSION = YES;
				CLANG_WARN_INT_CONVERSION = YES;
				CLANG_WARN_OBJC_ROOT_CLASS = YES_ERROR;
				CLANG_WARN__DUPLICATE_METHOD_MATCH = YES;
				"CODE_SIGN_IDENTITY[sdk=iphoneos*]" = "iPhone Developer";
				COPY_PHASE_STRIP = YES;
				ENABLE_NS_ASSERTIONS = NO;
				GCC_C_LANGUAGE_STANDARD = gnu99;
				GCC_WARN_64_TO_32_BIT_CONVERSION = YES;
				GCC_WARN_ABOUT_RETURN_TYPE = YES_ERROR;
				GCC_WARN_UNDECLARED_SELECTOR = YES;
				GCC_WARN_UNINITIALIZED_AUTOS = YES;
				GCC_WARN_UNUSED_FUNCTION = YES;
				GCC_WARN_UNUSED_VARIABLE = YES;
				IPHONEOS_DEPLOYMENT_TARGET = 7.0;
				SDKROOT = iphoneos;
				VALIDATE_PRODUCT = YES;
			};
			name = Release;
		};
		8B4ED42118BF08FC004AE0EE /* Debug */ = {
			isa = XCBuildConfiguration;
			buildSettings = {
				ASSETCATALOG_COMPILER_APPICON_NAME = AppIcon;
				ASSETCATALOG_COMPILER_LAUNCHIMAGE_NAME = LaunchImage;
				GCC_PRECOMPILE_PREFIX_HEADER = YES;
				GCC_PREFIX_HEADER = "CatNapTutorial/CatNapTutorial-Prefix.pch";
				INFOPLIST_FILE = "CatNapTutorial/CatNapTutorial-Info.plist";
				PRODUCT_NAME = "$(TARGET_NAME)";
				SPRITEKIT_TEXTURE_ATLAS_OUTPUT = YES;
				WRAPPER_EXTENSION = app;
			};
			name = Debug;
		};
		8B4ED42218BF08FC004AE0EE /* Release */ = {
			isa = XCBuildConfiguration;
			buildSettings = {
				ASSETCATALOG_COMPILER_APPICON_NAME = AppIcon;
				ASSETCATALOG_COMPILER_LAUNCHIMAGE_NAME = LaunchImage;
				GCC_PRECOMPILE_PREFIX_HEADER = YES;
				GCC_PREFIX_HEADER = "CatNapTutorial/CatNapTutorial-Prefix.pch";
				INFOPLIST_FILE = "CatNapTutorial/CatNapTutorial-Info.plist";
				PRODUCT_NAME = "$(TARGET_NAME)";
				SPRITEKIT_TEXTURE_ATLAS_OUTPUT = YES;
				WRAPPER_EXTENSION = app;
			};
			name = Release;
		};
		8B4ED42418BF08FC004AE0EE /* Debug */ = {
			isa = XCBuildConfiguration;
			buildSettings = {
				BUNDLE_LOADER = "$(BUILT_PRODUCTS_DIR)/CatNapTutorial.app/CatNapTutorial";
				FRAMEWORK_SEARCH_PATHS = (
					"$(SDKROOT)/Developer/Library/Frameworks",
					"$(inherited)",
					"$(DEVELOPER_FRAMEWORKS_DIR)",
				);
				GCC_PRECOMPILE_PREFIX_HEADER = YES;
				GCC_PREFIX_HEADER = "CatNapTutorial/CatNapTutorial-Prefix.pch";
				GCC_PREPROCESSOR_DEFINITIONS = (
					"DEBUG=1",
					"$(inherited)",
				);
				INFOPLIST_FILE = "CatNapTutorialTests/CatNapTutorialTests-Info.plist";
				PRODUCT_NAME = "$(TARGET_NAME)";
				TEST_HOST = "$(BUNDLE_LOADER)";
				WRAPPER_EXTENSION = xctest;
			};
			name = Debug;
		};
		8B4ED42518BF08FC004AE0EE /* Release */ = {
			isa = XCBuildConfiguration;
			buildSettings = {
				BUNDLE_LOADER = "$(BUILT_PRODUCTS_DIR)/CatNapTutorial.app/CatNapTutorial";
				FRAMEWORK_SEARCH_PATHS = (
					"$(SDKROOT)/Developer/Library/Frameworks",
					"$(inherited)",
					"$(DEVELOPER_FRAMEWORKS_DIR)",
				);
				GCC_PRECOMPILE_PREFIX_HEADER = YES;
				GCC_PREFIX_HEADER = "CatNapTutorial/CatNapTutorial-Prefix.pch";
				INFOPLIST_FILE = "CatNapTutorialTests/CatNapTutorialTests-Info.plist";
				PRODUCT_NAME = "$(TARGET_NAME)";
				TEST_HOST = "$(BUNDLE_LOADER)";
				WRAPPER_EXTENSION = xctest;
			};
			name = Release;
		};
/* End XCBuildConfiguration section */

/* Begin XCConfigurationList section */
		8B4ED3E218BF08FC004AE0EE /* Build configuration list for PBXProject "CatNapTutorial" */ = {
			isa = XCConfigurationList;
			buildConfigurations = (
				8B4ED41E18BF08FC004AE0EE /* Debug */,
				8B4ED41F18BF08FC004AE0EE /* Release */,
			);
			defaultConfigurationIsVisible = 0;
			defaultConfigurationName = Release;
		};
		8B4ED42018BF08FC004AE0EE /* Build configuration list for PBXNativeTarget "CatNapTutorial" */ = {
			isa = XCConfigurationList;
			buildConfigurations = (
				8B4ED42118BF08FC004AE0EE /* Debug */,
				8B4ED42218BF08FC004AE0EE /* Release */,
			);
			defaultConfigurationIsVisible = 0;
			defaultConfigurationName = Release;
		};
		8B4ED42318BF08FC004AE0EE /* Build configuration list for PBXNativeTarget "CatNapTutorialTests" */ = {
			isa = XCConfigurationList;
			buildConfigurations = (
				8B4ED42418BF08FC004AE0EE /* Debug */,
				8B4ED42518BF08FC004AE0EE /* Release */,
			);
			defaultConfigurationIsVisible = 0;
			defaultConfigurationName = Release;
		};
/* End XCConfigurationList section */
	};
	rootObject = 8B4ED3DF18BF08FC004AE0EE /* Project object */;
}
